
Microsoft Visual Studio Solution File, Format Version 12.00
# Visual Studio 15
VisualStudioVersion = 15.0.26124.0
MinimumVisualStudioVersion = 15.0.26124.0
Project("{FAE04EC0-301F-11D3-BF4B-00C04F79EFBC}") = "API", "API\API.csproj", "{FC604075-C8A9-4A01-9FE1-3D4A6E54C70B}"
EndProject
Project("{FAE04EC0-301F-11D3-BF4B-00C04F79EFBC}") = "Core", "Core\Core.csproj", "{9CB9B108-4900-4A11-B5AB-E424095D3113}"
EndProject
Project("{FAE04EC0-301F-11D3-BF4B-00C04F79EFBC}") = "Infrastructure", "Infrastructure\Infrastructure.csproj", "{DE70EFBC-BBDB-4A30-A988-A69308F7CE3A}"
EndProject
Global
	GlobalSection(SolutionConfigurationPlatforms) = preSolution
		Debug|Any CPU = Debug|Any CPU
		Debug|x64 = Debug|x64
		Debug|x86 = Debug|x86
		Release|Any CPU = Release|Any CPU
		Release|x64 = Release|x64
		Release|x86 = Release|x86
	EndGlobalSection
	GlobalSection(SolutionProperties) = preSolution
		HideSolutionNode = FALSE
	EndGlobalSection
	GlobalSection(ProjectConfigurationPlatforms) = postSolution
		{FC604075-C8A9-4A01-9FE1-3D4A6E54C70B}.Debug|Any CPU.ActiveCfg = Debug|Any CPU
		{FC604075-C8A9-4A01-9FE1-3D4A6E54C70B}.Debug|Any CPU.Build.0 = Debug|Any CPU
		{FC604075-C8A9-4A01-9FE1-3D4A6E54C70B}.Debug|x64.ActiveCfg = Debug|Any CPU
		{FC604075-C8A9-4A01-9FE1-3D4A6E54C70B}.Debug|x64.Build.0 = Debug|Any CPU
		{FC604075-C8A9-4A01-9FE1-3D4A6E54C70B}.Debug|x86.ActiveCfg = Debug|Any CPU
		{FC604075-C8A9-4A01-9FE1-3D4A6E54C70B}.Debug|x86.Build.0 = Debug|Any CPU
		{FC604075-C8A9-4A01-9FE1-3D4A6E54C70B}.Release|Any CPU.ActiveCfg = Release|Any CPU
		{FC604075-C8A9-4A01-9FE1-3D4A6E54C70B}.Release|Any CPU.Build.0 = Release|Any CPU
		{FC604075-C8A9-4A01-9FE1-3D4A6E54C70B}.Release|x64.ActiveCfg = Release|Any CPU
		{FC604075-C8A9-4A01-9FE1-3D4A6E54C70B}.Release|x64.Build.0 = Release|Any CPU
		{FC604075-C8A9-4A01-9FE1-3D4A6E54C70B}.Release|x86.ActiveCfg = Release|Any CPU
		{FC604075-C8A9-4A01-9FE1-3D4A6E54C70B}.Release|x86.Build.0 = Release|Any CPU
		{9CB9B108-4900-4A11-B5AB-E424095D3113}.Debug|Any CPU.ActiveCfg = Debug|Any CPU
		{9CB9B108-4900-4A11-B5AB-E424095D3113}.Debug|Any CPU.Build.0 = Debug|Any CPU
		{9CB9B108-4900-4A11-B5AB-E424095D3113}.Debug|x64.ActiveCfg = Debug|Any CPU
		{9CB9B108-4900-4A11-B5AB-E424095D3113}.Debug|x64.Build.0 = Debug|Any CPU
		{9CB9B108-4900-4A11-B5AB-E424095D3113}.Debug|x86.ActiveCfg = Debug|Any CPU
		{9CB9B108-4900-4A11-B5AB-E424095D3113}.Debug|x86.Build.0 = Debug|Any CPU
		{9CB9B108-4900-4A11-B5AB-E424095D3113}.Release|Any CPU.ActiveCfg = Release|Any CPU
		{9CB9B108-4900-4A11-B5AB-E424095D3113}.Release|Any CPU.Build.0 = Release|Any CPU
		{9CB9B108-4900-4A11-B5AB-E424095D3113}.Release|x64.ActiveCfg = Release|Any CPU
		{9CB9B108-4900-4A11-B5AB-E424095D3113}.Release|x64.Build.0 = Release|Any CPU
		{9CB9B108-4900-4A11-B5AB-E424095D3113}.Release|x86.ActiveCfg = Release|Any CPU
		{9CB9B108-4900-4A11-B5AB-E424095D3113}.Release|x86.Build.0 = Release|Any CPU
		{DE70EFBC-BBDB-4A30-A988-A69308F7CE3A}.Debug|Any CPU.ActiveCfg = Debug|Any CPU
		{DE70EFBC-BBDB-4A30-A988-A69308F7CE3A}.Debug|Any CPU.Build.0 = Debug|Any CPU
		{DE70EFBC-BBDB-4A30-A988-A69308F7CE3A}.Debug|x64.ActiveCfg = Debug|Any CPU
		{DE70EFBC-BBDB-4A30-A988-A69308F7CE3A}.Debug|x64.Build.0 = Debug|Any CPU
		{DE70EFBC-BBDB-4A30-A988-A69308F7CE3A}.Debug|x86.ActiveCfg = Debug|Any CPU
		{DE70EFBC-BBDB-4A30-A988-A69308F7CE3A}.Debug|x86.Build.0 = Debug|Any CPU
		{DE70EFBC-BBDB-4A30-A988-A69308F7CE3A}.Release|Any CPU.ActiveCfg = Release|Any CPU
		{DE70EFBC-BBDB-4A30-A988-A69308F7CE3A}.Release|Any CPU.Build.0 = Release|Any CPU
		{DE70EFBC-BBDB-4A30-A988-A69308F7CE3A}.Release|x64.ActiveCfg = Release|Any CPU
		{DE70EFBC-BBDB-4A30-A988-A69308F7CE3A}.Release|x64.Build.0 = Release|Any CPU
		{DE70EFBC-BBDB-4A30-A988-A69308F7CE3A}.Release|x86.ActiveCfg = Release|Any CPU
		{DE70EFBC-BBDB-4A30-A988-A69308F7CE3A}.Release|x86.Build.0 = Release|Any CPU
	EndGlobalSection
EndGlobal
